// !$*UTF8*$!
{
	archiveVersion = 1;
	classes = {
	};
	objectVersion = 48;
	objects = {

/* Begin PBXBuildFile section */
		AFFBB6191EF27F39007B5F7C /* AppDelegate.swift in Sources */ = {isa = PBXBuildFile; fileRef = AFFBB6181EF27F39007B5F7C /* AppDelegate.swift */; };
		AFFBB61B1EF27F39007B5F7C /* ViewController.swift in Sources */ = {isa = PBXBuildFile; fileRef = AFFBB61A1EF27F39007B5F7C /* ViewController.swift */; };
		AFFBB61E1EF27F39007B5F7C /* Main.storyboard in Resources */ = {isa = PBXBuildFile; fileRef = AFFBB61C1EF27F39007B5F7C /* Main.storyboard */; };
		AFFBB6201EF27F39007B5F7C /* Assets.xcassets in Resources */ = {isa = PBXBuildFile; fileRef = AFFBB61F1EF27F39007B5F7C /* Assets.xcassets */; };
		AFFBB6231EF27F39007B5F7C /* LaunchScreen.storyboard in Resources */ = {isa = PBXBuildFile; fileRef = AFFBB6211EF27F39007B5F7C /* LaunchScreen.storyboard */; };
		AFFBB62B1EF29067007B5F7C /* FileStorageHelper.swift in Sources */ = {isa = PBXBuildFile; fileRef = AFFBB62A1EF29067007B5F7C /* FileStorageHelper.swift */; };
/* End PBXBuildFile section */

/* Begin PBXFileReference section */
		AFFBB6151EF27F38007B5F7C /* ReloadViewAfterFileSave.app */ = {isa = PBXFileReference; explicitFileType = wrapper.application; includeInIndex = 0; path = ReloadViewAfterFileSave.app; sourceTree = BUILT_PRODUCTS_DIR; };
		AFFBB6181EF27F39007B5F7C /* AppDelegate.swift */ = {isa = PBXFileReference; lastKnownFileType = sourcecode.swift; path = AppDelegate.swift; sourceTree = "<group>"; };
		AFFBB61A1EF27F39007B5F7C /* ViewController.swift */ = {isa = PBXFileReference; lastKnownFileType = sourcecode.swift; path = ViewController.swift; sourceTree = "<group>"; };
		AFFBB61D1EF27F39007B5F7C /* Base */ = {isa = PBXFileReference; lastKnownFileType = file.storyboard; name = Base; path = Base.lproj/Main.storyboard; sourceTree = "<group>"; };
		AFFBB61F1EF27F39007B5F7C /* Assets.xcassets */ = {isa = PBXFileReference; lastKnownFileType = folder.assetcatalog; path = Assets.xcassets; sourceTree = "<group>"; };
		AFFBB6221EF27F39007B5F7C /* Base */ = {isa = PBXFileReference; lastKnownFileType = file.storyboard; name = Base; path = Base.lproj/LaunchScreen.storyboard; sourceTree = "<group>"; };
		AFFBB6241EF27F39007B5F7C /* Info.plist */ = {isa = PBXFileReference; lastKnownFileType = text.plist.xml; path = Info.plist; sourceTree = "<group>"; };
		AFFBB62A1EF29067007B5F7C /* FileStorageHelper.swift */ = {isa = PBXFileReference; lastKnownFileType = sourcecode.swift; path = FileStorageHelper.swift; sourceTree = "<group>"; };
/* End PBXFileReference section */

/* Begin PBXFrameworksBuildPhase section */
		AFFBB6121EF27F38007B5F7C /* Frameworks */ = {
			isa = PBXFrameworksBuildPhase;
			buildActionMask = 2147483647;
			files = (
			);
			runOnlyForDeploymentPostprocessing = 0;
		};
/* End PBXFrameworksBuildPhase section */

/* Begin PBXGroup section */
		AFFBB60C1EF27F38007B5F7C = {
			isa = PBXGroup;
			children = (
				AFFBB6171EF27F38007B5F7C /* ReloadViewAfterFileSave */,
				AFFBB6161EF27F38007B5F7C /* Products */,
			);
			sourceTree = "<group>";
		};
		AFFBB6161EF27F38007B5F7C /* Products */ = {
			isa = PBXGroup;
			children = (
				AFFBB6151EF27F38007B5F7C /* ReloadViewAfterFileSave.app */,
			);
			name = Products;
			sourceTree = "<group>";
		};
		AFFBB6171EF27F38007B5F7C /* ReloadViewAfterFileSave */ = {
			isa = PBXGroup;
			children = (
				AFFBB6181EF27F39007B5F7C /* AppDelegate.swift */,
				AFFBB62A1EF29067007B5F7C /* FileStorageHelper.swift */,
				AFFBB61A1EF27F39007B5F7C /* ViewController.swift */,
				AFFBB61C1EF27F39007B5F7C /* Main.storyboard */,
				AFFBB61F1EF27F39007B5F7C /* Assets.xcassets */,
				AFFBB6211EF27F39007B5F7C /* LaunchScreen.storyboard */,
				AFFBB6241EF27F39007B5F7C /* Info.plist */,
			);
			path = ReloadViewAfterFileSave;
			sourceTree = "<group>";
		};
/* End PBXGroup section */

/* Begin PBXNativeTarget section */
		AFFBB6141EF27F38007B5F7C /* ReloadViewAfterFileSave */ = {
			isa = PBXNativeTarget;
			buildConfigurationList = AFFBB6271EF27F39007B5F7C /* Build configuration list for PBXNativeTarget "ReloadViewAfterFileSave" */;
			buildPhases = (
				AFFBB6111EF27F38007B5F7C /* Sources */,
				AFFBB6121EF27F38007B5F7C /* Frameworks */,
				AFFBB6131EF27F38007B5F7C /* Resources */,
			);
			buildRules = (
			);
			dependencies = (
			);
			name = ReloadViewAfterFileSave;
			productName = ReloadViewAfterFileSave;
			productReference = AFFBB6151EF27F38007B5F7C /* ReloadViewAfterFileSave.app */;
			productType = "com.apple.product-type.application";
		};
/* End PBXNativeTarget section */

/* Begin PBXProject section */
		AFFBB60D1EF27F38007B5F7C /* Project object */ = {
			isa = PBXProject;
			attributes = {
				LastSwiftUpdateCheck = 0900;
				LastUpgradeCheck = 0900;
				ORGANIZATIONNAME = "Nayem BJIT";
				TargetAttributes = {
					AFFBB6141EF27F38007B5F7C = {
						CreatedOnToolsVersion = 9.0;
						ProvisioningStyle = Manual;
					};
				};
			};
			buildConfigurationList = AFFBB6101EF27F38007B5F7C /* Build configuration list for PBXProject "ReloadViewAfterFileSave" */;
			compatibilityVersion = "Xcode 8.0";
			developmentRegion = en;
			hasScannedForEncodings = 0;
			knownRegions = (
				en,
				Base,
			);
			mainGroup = AFFBB60C1EF27F38007B5F7C;
			productRefGroup = AFFBB6161EF27F38007B5F7C /* Products */;
			projectDirPath = "";
			projectRoot = "";
			targets = (
				AFFBB6141EF27F38007B5F7C /* ReloadViewAfterFileSave */,
			);
		};
/* End PBXProject section */

/* Begin PBXResourcesBuildPhase section */
		AFFBB6131EF27F38007B5F7C /* Resources */ = {
			isa = PBXResourcesBuildPhase;
			buildActionMask = 2147483647;
			files = (
				AFFBB6231EF27F39007B5F7C /* LaunchScreen.storyboard in Resources */,
				AFFBB6201EF27F39007B5F7C /* Assets.xcassets in Resources */,
				AFFBB61E1EF27F39007B5F7C /* Main.storyboard in Resources */,
			);
			runOnlyForDeploymentPostprocessing = 0;
		};
/* End PBXResourcesBuildPhase section */

/* Begin PBXSourcesBuildPhase section */
		AFFBB6111EF27F38007B5F7C /* Sources */ = {
			isa = PBXSourcesBuildPhase;
			buildActionMask = 2147483647;
			files = (
				AFFBB61B1EF27F39007B5F7C /* ViewController.swift in Sources */,
				AFFBB62B1EF29067007B5F7C /* FileStorageHelper.swift in Sources */,
				AFFBB6191EF27F39007B5F7C /* AppDelegate.swift in Sources */,
			);
			runOnlyForDeploymentPostprocessing = 0;
		};
/* End PBXSourcesBuildPhase section */

/* Begin PBXVariantGroup section */
		AFFBB61C1EF27F39007B5F7C /* Main.storyboard */ = {
			isa = PBXVariantGroup;
			children = (
				AFFBB61D1EF27F39007B5F7C /* Base */,
			);
			name = Main.storyboard;
			sourceTree = "<group>";
		};
		AFFBB6211EF27F39007B5F7C /* LaunchScreen.storyboard */ = {
			isa = PBXVariantGroup;
			children = (
				AFFBB6221EF27F39007B5F7C /* Base */,
			);
			name = LaunchScreen.storyboard;
			sourceTree = "<group>";
		};
/* End PBXVariantGroup section */

/* Begin XCBuildConfiguration section */
		AFFBB6251EF27F39007B5F7C /* Debug */ = {
			isa = XCBuildConfiguration;
			buildSettings = {
				ALWAYS_SEARCH_USER_PATHS = NO;
				CLANG_ANALYZER_NONNULL = YES;
				CLANG_ANALYZER_NUMBER_OBJECT_CONVERSION = YES_AGGRESSIVE;
				CLANG_CXX_LANGUAGE_STANDARD = "gnu++14";
				CLANG_CXX_LIBRARY = "libc++";
				CLANG_ENABLE_MODULES = YES;
				CLANG_ENABLE_OBJC_ARC = YES;
				CLANG_WARN_BLOCK_CAPTURE_AUTORELEASING = YES;
				CLANG_WARN_BOOL_CONVERSION = YES;
				CLANG_WARN_COMMA = YES;
				CLANG_WARN_CONSTANT_CONVERSION = YES;
				CLANG_WARN_DIRECT_OBJC_ISA_USAGE = YES_ERROR;
				CLANG_WARN_DOCUMENTATION_COMMENTS = YES;
				CLANG_WARN_EMPTY_BODY = YES;
				CLANG_WARN_ENUM_CONVERSION = YES;
				CLANG_WARN_INFINITE_RECURSION = YES;
				CLANG_WARN_INT_CONVERSION = YES;
				CLANG_WARN_OBJC_ROOT_CLASS = YES_ERROR;
				CLANG_WARN_RANGE_LOOP_ANALYSIS = YES;
				CLANG_WARN_STRICT_PROTOTYPES = YES;
				CLANG_WARN_SUSPICIOUS_MOVE = YES;
				CLANG_WARN_UNGUARDED_AVAILABILITY = YES_AGGRESSIVE;
				CLANG_WARN_UNREACHABLE_CODE = YES;
				CLANG_WARN__DUPLICATE_METHOD_MATCH = YES;
				CODE_SIGN_IDENTITY = "iPhone Developer";
				COPY_PHASE_STRIP = NO;
				DEBUG_INFORMATION_FORMAT = dwarf;
				ENABLE_STRICT_OBJC_MSGSEND = YES;
				ENABLE_TESTABILITY = YES;
				GCC_C_LANGUAGE_STANDARD = gnu11;
				GCC_DYNAMIC_NO_PIC = NO;
				GCC_NO_COMMON_BLOCKS = YES;
				GCC_OPTIMIZATION_LEVEL = 0;
				GCC_PREPROCESSOR_DEFINITIONS = (
					"DEBUG=1",
					"$(inherited)",
				);
				GCC_WARN_64_TO_32_BIT_CONVERSION = YES;
				GCC_WARN_ABOUT_RETURN_TYPE = YES_ERROR;
				GCC_WARN_UNDECLARED_SELECTOR = YES;
				GCC_WARN_UNINITIALIZED_AUTOS = YES_AGGRESSIVE;
				GCC_WARN_UNUSED_FUNCTION = YES;
				GCC_WARN_UNUSED_VARIABLE = YES;
				IPHONEOS_DEPLOYMENT_TARGET = 11.0;
				MTL_ENABLE_DEBUG_INFO = YES;
				ONLY_ACTIVE_ARCH = YES;
				SDKROOT = iphoneos;
				SWIFT_ACTIVE_COMPILATION_CONDITIONS = DEBUG;
				SWIFT_OPTIMIZATION_LEVEL = "-Onone";
			};
			name = Debug;
		};
		AFFBB6261EF27F39007B5F7C /* Release */ = {
			isa = XCBuildConfiguration;
			buildSettings = {
				ALWAYS_SEARCH_USER_PATHS = NO;
				CLANG_ANALYZER_NONNULL = YES;
				CLANG_ANALYZER_NUMBER_OBJECT_CONVERSION = YES_AGGRESSIVE;
				CLANG_CXX_LANGUAGE_STANDARD = "gnu++14";
				CLANG_CXX_LIBRARY = "libc++";
				CLANG_ENABLE_MODULES = YES;
				CLANG_ENABLE_OBJC_ARC = YES;
				CLANG_WARN_BLOCK_CAPTURE_AUTORELEASING = YES;
				CLANG_WARN_BOOL_CONVERSION = YES;
				CLANG_WARN_COMMA = YES;
				CLANG_WARN_CONSTANT_CONVERSION = YES;
				CLANG_WARN_DIRECT_OBJC_ISA_USAGE = YES_ERROR;
				CLANG_WARN_DOCUMENTATION_COMMENTS = YES;
				CLANG_WARN_EMPTY_BODY = YES;
				CLANG_WARN_ENUM_CONVERSION = YES;
				CLANG_WARN_INFINITE_RECURSION = YES;
				CLANG_WARN_INT_CONVERSION = YES;
				CLANG_WARN_OBJC_ROOT_CLASS = YES_ERROR;
				CLANG_WARN_RANGE_LOOP_ANALYSIS = YES;
				CLANG_WARN_STRICT_PROTOTYPES = YES;
				CLANG_WARN_SUSPICIOUS_MOVE = YES;
				CLANG_WARN_UNGUARDED_AVAILABILITY = YES_AGGRESSIVE;
				CLANG_WARN_UNREACHABLE_CODE = YES;
				CLANG_WARN__DUPLICATE_METHOD_MATCH = YES;
				CODE_SIGN_IDENTITY = "iPhone Developer";
				COPY_PHASE_STRIP = NO;
				DEBUG_INFORMATION_FORMAT = "dwarf-with-dsym";
				ENABLE_NS_ASSERTIONS = NO;
				ENABLE_STRICT_OBJC_MSGSEND = YES;
				GCC_C_LANGUAGE_STANDARD = gnu11;
				GCC_NO_COMMON_BLOCKS = YES;
				GCC_WARN_64_TO_32_BIT_CONVERSION = YES;
				GCC_WARN_ABOUT_RETURN_TYPE = YES_ERROR;
				GCC_WARN_UNDECLARED_SELECTOR = YES;
				GCC_WARN_UNINITIALIZED_AUTOS = YES_AGGRESSIVE;
				GCC_WARN_UNUSED_FUNCTION = YES;
				GCC_WARN_UNUSED_VARIABLE = YES;
				IPHONEOS_DEPLOYMENT_TARGET = 11.0;
				MTL_ENABLE_DEBUG_INFO = NO;
				SDKROOT = iphoneos;
				SWIFT_OPTIMIZATION_LEVEL = "-Owholemodule";
				VALIDATE_PRODUCT = YES;
			};
			name = Release;
		};
		AFFBB6281EF27F39007B5F7C /* Debug */ = {
			isa = XCBuildConfiguration;
			buildSettings = {
				ASSETCATALOG_COMPILER_APPICON_NAME = AppIcon;
				"CODE_SIGN_IDENTITY[sdk=iphoneos*]" = "iPhone Developer";
				CODE_SIGN_STYLE = Manual;
				DEVELOPMENT_TEAM = 2BL4KQW6R5;
				INFOPLIST_FILE = ReloadViewAfterFileSave/Info.plist;
				IPHONEOS_DEPLOYMENT_TARGET = 10.0;
				LD_RUNPATH_SEARCH_PATHS = "$(inherited) @executable_path/Frameworks";
				PRODUCT_BUNDLE_IDENTIFIER = com.bjitgroup.ReloadViewAfterFileSave;
				PRODUCT_NAME = "$(TARGET_NAME)";
				PROVISIONING_PROFILE = "52c26a88-f4e4-4be7-b501-9c9b6bdfdbae";
				PROVISIONING_PROFILE_SPECIFIER = BJITWILDCARDDEV;
				SWIFT_VERSION = 4.0;
				TARGETED_DEVICE_FAMILY = "1,2";
			};
			name = Debug;
		};
		AFFBB6291EF27F39007B5F7C /* Release */ = {
			isa = XCBuildConfiguration;
			buildSettings = {
				ASSETCATALOG_COMPILER_APPICON_NAME = AppIcon;
				"CODE_SIGN_IDENTITY[sdk=iphoneos*]" = "iPhone Developer";
				CODE_SIGN_STYLE = Manual;
				DEVELOPMENT_TEAM = "";
				INFOPLIST_FILE = ReloadViewAfterFileSave/Info.plist;
				IPHONEOS_DEPLOYMENT_TARGET = 10.0;
				LD_RUNPATH_SEARCH_PATHS = "$(inherited) @executable_path/Frameworks";
				PRODUCT_BUNDLE_IDENTIFIER = com.bjitgroup.ReloadViewAfterFileSave;
				PRODUCT_NAME = "$(TARGET_NAME)";
				PROVISIONING_PROFILE_SPECIFIER = "";
				SWIFT_VERSION = 4.0;
				TARGETED_DEVICE_FAMILY = "1,2";
			};
			name = Release;
		};
/* End XCBuildConfiguration section */

/* Begin XCConfigurationList section */
		AFFBB6101EF27F38007B5F7C /* Build configuration list for PBXProject "ReloadViewAfterFileSave" */ = {
			isa = XCConfigurationList;
			buildConfigurations = (
				AFFBB6251EF27F39007B5F7C /* Debug */,
				AFFBB6261EF27F39007B5F7C /* Release */,
			);
			defaultConfigurationIsVisible = 0;
			defaultConfigurationName = Release;
		};
		AFFBB6271EF27F39007B5F7C /* Build configuration list for PBXNativeTarget "ReloadViewAfterFileSave" */ = {
			isa = XCConfigurationList;
			buildConfigurations = (
				AFFBB6281EF27F39007B5F7C /* Debug */,
				AFFBB6291EF27F39007B5F7C /* Release */,
			);
			defaultConfigurationIsVisible = 0;
			defaultConfigurationName = Release;
		};
/* End XCConfigurationList section */
	};
	rootObject = AFFBB60D1EF27F38007B5F7C /* Project object */;
}
